
Microsoft Visual Studio Solution File, Format Version 12.00
# Visual Studio Version 16
VisualStudioVersion = 16.0.30011.22
MinimumVisualStudioVersion = 10.0.40219.1
Project("{FAE04EC0-301F-11D3-BF4B-00C04F79EFBC}") = "depostokotomasyonu", "depostokotomasyonu\depostokotomasyonu.csproj", "{2B442E61-2467-4430-8008-571D428D1BDE}"
EndProject
Global
	GlobalSection(SolutionConfigurationPlatforms) = preSolution
		Debug|Any CPU = Debug|Any CPU
		Debug|x64 = Debug|x64
		Release|Any CPU = Release|Any CPU
		Release|x64 = Release|x64
	EndGlobalSection
	GlobalSection(ProjectConfigurationPlatforms) = postSolution
		{2B442E61-2467-4430-8008-571D428D1BDE}.Debug|Any CPU.ActiveCfg = Debug|Any CPU
		{2B442E61-2467-4430-8008-571D428D1BDE}.Debug|Any CPU.Build.0 = Debug|Any CPU
		{2B442E61-2467-4430-8008-571D428D1BDE}.Debug|x64.ActiveCfg = Debug|x64
		{2B442E61-2467-4430-8008-571D428D1BDE}.Debug|x64.Build.0 = Debug|x64
		{2B442E61-2467-4430-8008-571D428D1BDE}.Release|Any CPU.ActiveCfg = Release|Any CPU
		{2B442E61-2467-4430-8008-571D428D1BDE}.Release|Any CPU.Build.0 = Release|Any CPU
		{2B442E61-2467-4430-8008-571D428D1BDE}.Release|x64.ActiveCfg = Release|x64
		{2B442E61-2467-4430-8008-571D428D1BDE}.Release|x64.Build.0 = Release|x64
	EndGlobalSection
	GlobalSection(SolutionProperties) = preSolution
		HideSolutionNode = FALSE
	EndGlobalSection
	GlobalSection(ExtensibilityGlobals) = postSolution
		SolutionGuid = {263B1F7B-7657-4395-A8F2-E2B897AFAB99}
	EndGlobalSection
EndGlobal
